
Microsoft Visual Studio Solution File, Format Version 12.00
# Visual Studio Version 16
VisualStudioVersion = 16.0.32228.343
MinimumVisualStudioVersion = 10.0.40219.1
Project("{FAE04EC0-301F-11D3-BF4B-00C04F79EFBC}") = "RailgunnerArisuVoiceover", "RailgunnerArisuVoiceover\RailgunnerArisuVoiceover.csproj", "{7763BCB8-73F2-434A-B598-BDFB9D50EA0B}"
EndProject
Global
	GlobalSection(SolutionConfigurationPlatforms) = preSolution
		Debug|Any CPU = Debug|Any CPU
		Release|Any CPU = Release|Any CPU
	EndGlobalSection
	GlobalSection(ProjectConfigurationPlatforms) = postSolution
		{7763BCB8-73F2-434A-B598-BDFB9D50EA0B}.Debug|Any CPU.ActiveCfg = Debug|Any CPU
		{7763BCB8-73F2-434A-B598-BDFB9D50EA0B}.Debug|Any CPU.Build.0 = Debug|Any CPU
		{7763BCB8-73F2-434A-B598-BDFB9D50EA0B}.Release|Any CPU.ActiveCfg = Release|Any CPU
		{7763BCB8-73F2-434A-B598-BDFB9D50EA0B}.Release|Any CPU.Build.0 = Release|Any CPU
	EndGlobalSection
	GlobalSection(SolutionProperties) = preSolution
		HideSolutionNode = FALSE
	EndGlobalSection
	GlobalSection(ExtensibilityGlobals) = postSolution
		SolutionGuid = {65D7BDA3-CFBE-4D60-B69D-BD3561C180F0}
	EndGlobalSection
EndGlobal
